
Microsoft Visual Studio Solution File, Format Version 12.00
# Visual Studio 15
VisualStudioVersion = 15.0.27130.2027
MinimumVisualStudioVersion = 10.0.40219.1
Project("{FAE04EC0-301F-11D3-BF4B-00C04F79EFBC}") = "ThomasLevesque.Analyzers.CSharp", "ThomasLevesque.Analyzers.CSharp\ThomasLevesque.Analyzers.CSharp\ThomasLevesque.Analyzers.CSharp.csproj", "{087AA34B-E20F-4BC5-8C88-38D472D09C37}"
EndProject
Project("{FAE04EC0-301F-11D3-BF4B-00C04F79EFBC}") = "ThomasLevesque.Analyzers.CSharp.Test", "ThomasLevesque.Analyzers.CSharp\ThomasLevesque.Analyzers.CSharp.Test\ThomasLevesque.Analyzers.CSharp.Test.csproj", "{C8CAC0B0-7D86-4BAB-84DE-41C4D9637D34}"
EndProject
Project("{FAE04EC0-301F-11D3-BF4B-00C04F79EFBC}") = "ThomasLevesque.Analyzers.CSharp.Vsix", "ThomasLevesque.Analyzers.CSharp\ThomasLevesque.Analyzers.CSharp.Vsix\ThomasLevesque.Analyzers.CSharp.Vsix.csproj", "{8A4F3715-72C1-47F3-B82D-7C0CE881E5BF}"
EndProject
Global
	GlobalSection(SolutionConfigurationPlatforms) = preSolution
		Debug|Any CPU = Debug|Any CPU
		Release|Any CPU = Release|Any CPU
	EndGlobalSection
	GlobalSection(ProjectConfigurationPlatforms) = postSolution
		{087AA34B-E20F-4BC5-8C88-38D472D09C37}.Debug|Any CPU.ActiveCfg = Debug|Any CPU
		{087AA34B-E20F-4BC5-8C88-38D472D09C37}.Debug|Any CPU.Build.0 = Debug|Any CPU
		{087AA34B-E20F-4BC5-8C88-38D472D09C37}.Release|Any CPU.ActiveCfg = Release|Any CPU
		{087AA34B-E20F-4BC5-8C88-38D472D09C37}.Release|Any CPU.Build.0 = Release|Any CPU
		{C8CAC0B0-7D86-4BAB-84DE-41C4D9637D34}.Debug|Any CPU.ActiveCfg = Debug|Any CPU
		{C8CAC0B0-7D86-4BAB-84DE-41C4D9637D34}.Debug|Any CPU.Build.0 = Debug|Any CPU
		{C8CAC0B0-7D86-4BAB-84DE-41C4D9637D34}.Release|Any CPU.ActiveCfg = Release|Any CPU
		{C8CAC0B0-7D86-4BAB-84DE-41C4D9637D34}.Release|Any CPU.Build.0 = Release|Any CPU
		{8A4F3715-72C1-47F3-B82D-7C0CE881E5BF}.Debug|Any CPU.ActiveCfg = Debug|Any CPU
		{8A4F3715-72C1-47F3-B82D-7C0CE881E5BF}.Debug|Any CPU.Build.0 = Debug|Any CPU
		{8A4F3715-72C1-47F3-B82D-7C0CE881E5BF}.Release|Any CPU.ActiveCfg = Release|Any CPU
		{8A4F3715-72C1-47F3-B82D-7C0CE881E5BF}.Release|Any CPU.Build.0 = Release|Any CPU
	EndGlobalSection
	GlobalSection(SolutionProperties) = preSolution
		HideSolutionNode = FALSE
	EndGlobalSection
	GlobalSection(ExtensibilityGlobals) = postSolution
		SolutionGuid = {040EC84E-B7DB-45C8-996A-62D30ED34957}
	EndGlobalSection
EndGlobal
